// !$*UTF8*$!
{
	archiveVersion = 1;
	classes = {
	};
	objectVersion = 55;
	objects = {

/* Begin PBXBuildFile section */
		D018763B291AA5E3002B1C4D /* PokemonDBApp.swift in Sources */ = {isa = PBXBuildFile; fileRef = D018763A291AA5E3002B1C4D /* PokemonDBApp.swift */; };
		D018763D291AA5E3002B1C4D /* ContentView.swift in Sources */ = {isa = PBXBuildFile; fileRef = D018763C291AA5E3002B1C4D /* ContentView.swift */; };
		D018763F291AA5E6002B1C4D /* Assets.xcassets in Resources */ = {isa = PBXBuildFile; fileRef = D018763E291AA5E6002B1C4D /* Assets.xcassets */; };
		D0187642291AA5E6002B1C4D /* Preview Assets.xcassets in Resources */ = {isa = PBXBuildFile; fileRef = D0187641291AA5E6002B1C4D /* Preview Assets.xcassets */; };
		D018764C291AA5E6002B1C4D /* PokemonDBTests.swift in Sources */ = {isa = PBXBuildFile; fileRef = D018764B291AA5E6002B1C4D /* PokemonDBTests.swift */; };
		D0187656291AA5E6002B1C4D /* PokemonDBUITests.swift in Sources */ = {isa = PBXBuildFile; fileRef = D0187655291AA5E6002B1C4D /* PokemonDBUITests.swift */; };
		D0187658291AA5E6002B1C4D /* PokemonDBUITestsLaunchTests.swift in Sources */ = {isa = PBXBuildFile; fileRef = D0187657291AA5E6002B1C4D /* PokemonDBUITestsLaunchTests.swift */; };
/* End PBXBuildFile section */

/* Begin PBXContainerItemProxy section */
		D0187648291AA5E6002B1C4D /* PBXContainerItemProxy */ = {
			isa = PBXContainerItemProxy;
			containerPortal = D018762F291AA5E3002B1C4D /* Project object */;
			proxyType = 1;
			remoteGlobalIDString = D0187636291AA5E3002B1C4D;
			remoteInfo = PokemonDB;
		};
		D0187652291AA5E6002B1C4D /* PBXContainerItemProxy */ = {
			isa = PBXContainerItemProxy;
			containerPortal = D018762F291AA5E3002B1C4D /* Project object */;
			proxyType = 1;
			remoteGlobalIDString = D0187636291AA5E3002B1C4D;
			remoteInfo = PokemonDB;
		};
/* End PBXContainerItemProxy section */

/* Begin PBXFileReference section */
		D0187637291AA5E3002B1C4D /* PokemonDB.app */ = {isa = PBXFileReference; explicitFileType = wrapper.application; includeInIndex = 0; path = PokemonDB.app; sourceTree = BUILT_PRODUCTS_DIR; };
		D018763A291AA5E3002B1C4D /* PokemonDBApp.swift */ = {isa = PBXFileReference; lastKnownFileType = sourcecode.swift; path = PokemonDBApp.swift; sourceTree = "<group>"; };
		D018763C291AA5E3002B1C4D /* ContentView.swift */ = {isa = PBXFileReference; lastKnownFileType = sourcecode.swift; path = ContentView.swift; sourceTree = "<group>"; };
		D018763E291AA5E6002B1C4D /* Assets.xcassets */ = {isa = PBXFileReference; lastKnownFileType = folder.assetcatalog; path = Assets.xcassets; sourceTree = "<group>"; };
		D0187641291AA5E6002B1C4D /* Preview Assets.xcassets */ = {isa = PBXFileReference; lastKnownFileType = folder.assetcatalog; path = "Preview Assets.xcassets"; sourceTree = "<group>"; };
		D0187647291AA5E6002B1C4D /* PokemonDBTests.xctest */ = {isa = PBXFileReference; explicitFileType = wrapper.cfbundle; includeInIndex = 0; path = PokemonDBTests.xctest; sourceTree = BUILT_PRODUCTS_DIR; };
		D018764B291AA5E6002B1C4D /* PokemonDBTests.swift */ = {isa = PBXFileReference; lastKnownFileType = sourcecode.swift; path = PokemonDBTests.swift; sourceTree = "<group>"; };
		D0187651291AA5E6002B1C4D /* PokemonDBUITests.xctest */ = {isa = PBXFileReference; explicitFileType = wrapper.cfbundle; includeInIndex = 0; path = PokemonDBUITests.xctest; sourceTree = BUILT_PRODUCTS_DIR; };
		D0187655291AA5E6002B1C4D /* PokemonDBUITests.swift */ = {isa = PBXFileReference; lastKnownFileType = sourcecode.swift; path = PokemonDBUITests.swift; sourceTree = "<group>"; };
		D0187657291AA5E6002B1C4D /* PokemonDBUITestsLaunchTests.swift */ = {isa = PBXFileReference; lastKnownFileType = sourcecode.swift; path = PokemonDBUITestsLaunchTests.swift; sourceTree = "<group>"; };
/* End PBXFileReference section */

/* Begin PBXFrameworksBuildPhase section */
		D0187634291AA5E3002B1C4D /* Frameworks */ = {
			isa = PBXFrameworksBuildPhase;
			buildActionMask = 2147483647;
			files = (
			);
			runOnlyForDeploymentPostprocessing = 0;
		};
		D0187644291AA5E6002B1C4D /* Frameworks */ = {
			isa = PBXFrameworksBuildPhase;
			buildActionMask = 2147483647;
			files = (
			);
			runOnlyForDeploymentPostprocessing = 0;
		};
		D018764E291AA5E6002B1C4D /* Frameworks */ = {
			isa = PBXFrameworksBuildPhase;
			buildActionMask = 2147483647;
			files = (
			);
			runOnlyForDeploymentPostprocessing = 0;
		};
/* End PBXFrameworksBuildPhase section */

/* Begin PBXGroup section */
		D018762E291AA5E3002B1C4D = {
			isa = PBXGroup;
			children = (
				D0187639291AA5E3002B1C4D /* PokemonDB */,
				D018764A291AA5E6002B1C4D /* PokemonDBTests */,
				D0187654291AA5E6002B1C4D /* PokemonDBUITests */,
				D0187638291AA5E3002B1C4D /* Products */,
			);
			sourceTree = "<group>";
		};
		D0187638291AA5E3002B1C4D /* Products */ = {
			isa = PBXGroup;
			children = (
				D0187637291AA5E3002B1C4D /* PokemonDB.app */,
				D0187647291AA5E6002B1C4D /* PokemonDBTests.xctest */,
				D0187651291AA5E6002B1C4D /* PokemonDBUITests.xctest */,
			);
			name = Products;
			sourceTree = "<group>";
		};
		D0187639291AA5E3002B1C4D /* PokemonDB */ = {
			isa = PBXGroup;
			children = (
				D018763A291AA5E3002B1C4D /* PokemonDBApp.swift */,
				D018763C291AA5E3002B1C4D /* ContentView.swift */,
				D018763E291AA5E6002B1C4D /* Assets.xcassets */,
				D0187640291AA5E6002B1C4D /* Preview Content */,
			);
			path = PokemonDB;
			sourceTree = "<group>";
		};
		D0187640291AA5E6002B1C4D /* Preview Content */ = {
			isa = PBXGroup;
			children = (
				D0187641291AA5E6002B1C4D /* Preview Assets.xcassets */,
			);
			path = "Preview Content";
			sourceTree = "<group>";
		};
		D018764A291AA5E6002B1C4D /* PokemonDBTests */ = {
			isa = PBXGroup;
			children = (
				D018764B291AA5E6002B1C4D /* PokemonDBTests.swift */,
			);
			path = PokemonDBTests;
			sourceTree = "<group>";
		};
		D0187654291AA5E6002B1C4D /* PokemonDBUITests */ = {
			isa = PBXGroup;
			children = (
				D0187655291AA5E6002B1C4D /* PokemonDBUITests.swift */,
				D0187657291AA5E6002B1C4D /* PokemonDBUITestsLaunchTests.swift */,
			);
			path = PokemonDBUITests;
			sourceTree = "<group>";
		};
/* End PBXGroup section */

/* Begin PBXNativeTarget section */
		D0187636291AA5E3002B1C4D /* PokemonDB */ = {
			isa = PBXNativeTarget;
			buildConfigurationList = D018765B291AA5E6002B1C4D /* Build configuration list for PBXNativeTarget "PokemonDB" */;
			buildPhases = (
				D0187633291AA5E3002B1C4D /* Sources */,
				D0187634291AA5E3002B1C4D /* Frameworks */,
				D0187635291AA5E3002B1C4D /* Resources */,
			);
			buildRules = (
			);
			dependencies = (
			);
			name = PokemonDB;
			productName = PokemonDB;
			productReference = D0187637291AA5E3002B1C4D /* PokemonDB.app */;
			productType = "com.apple.product-type.application";
		};
		D0187646291AA5E6002B1C4D /* PokemonDBTests */ = {
			isa = PBXNativeTarget;
			buildConfigurationList = D018765E291AA5E6002B1C4D /* Build configuration list for PBXNativeTarget "PokemonDBTests" */;
			buildPhases = (
				D0187643291AA5E6002B1C4D /* Sources */,
				D0187644291AA5E6002B1C4D /* Frameworks */,
				D0187645291AA5E6002B1C4D /* Resources */,
			);
			buildRules = (
			);
			dependencies = (
				D0187649291AA5E6002B1C4D /* PBXTargetDependency */,
			);
			name = PokemonDBTests;
			productName = PokemonDBTests;
			productReference = D0187647291AA5E6002B1C4D /* PokemonDBTests.xctest */;
			productType = "com.apple.product-type.bundle.unit-test";
		};
		D0187650291AA5E6002B1C4D /* PokemonDBUITests */ = {
			isa = PBXNativeTarget;
			buildConfigurationList = D0187661291AA5E6002B1C4D /* Build configuration list for PBXNativeTarget "PokemonDBUITests" */;
			buildPhases = (
				D018764D291AA5E6002B1C4D /* Sources */,
				D018764E291AA5E6002B1C4D /* Frameworks */,
				D018764F291AA5E6002B1C4D /* Resources */,
			);
			buildRules = (
			);
			dependencies = (
				D0187653291AA5E6002B1C4D /* PBXTargetDependency */,
			);
			name = PokemonDBUITests;
			productName = PokemonDBUITests;
			productReference = D0187651291AA5E6002B1C4D /* PokemonDBUITests.xctest */;
			productType = "com.apple.product-type.bundle.ui-testing";
		};
/* End PBXNativeTarget section */

/* Begin PBXProject section */
		D018762F291AA5E3002B1C4D /* Project object */ = {
			isa = PBXProject;
			attributes = {
				BuildIndependentTargetsInParallel = 1;
				LastSwiftUpdateCheck = 1340;
				LastUpgradeCheck = 1340;
				TargetAttributes = {
					D0187636291AA5E3002B1C4D = {
						CreatedOnToolsVersion = 13.4.1;
					};
					D0187646291AA5E6002B1C4D = {
						CreatedOnToolsVersion = 13.4.1;
						TestTargetID = D0187636291AA5E3002B1C4D;
					};
					D0187650291AA5E6002B1C4D = {
						CreatedOnToolsVersion = 13.4.1;
						TestTargetID = D0187636291AA5E3002B1C4D;
					};
				};
			};
			buildConfigurationList = D0187632291AA5E3002B1C4D /* Build configuration list for PBXProject "PokemonDB" */;
			compatibilityVersion = "Xcode 13.0";
			developmentRegion = en;
			hasScannedForEncodings = 0;
			knownRegions = (
				en,
				Base,
			);
			mainGroup = D018762E291AA5E3002B1C4D;
			productRefGroup = D0187638291AA5E3002B1C4D /* Products */;
			projectDirPath = "";
			projectRoot = "";
			targets = (
				D0187636291AA5E3002B1C4D /* PokemonDB */,
				D0187646291AA5E6002B1C4D /* PokemonDBTests */,
				D0187650291AA5E6002B1C4D /* PokemonDBUITests */,
			);
		};
/* End PBXProject section */

/* Begin PBXResourcesBuildPhase section */
		D0187635291AA5E3002B1C4D /* Resources */ = {
			isa = PBXResourcesBuildPhase;
			buildActionMask = 2147483647;
			files = (
				D0187642291AA5E6002B1C4D /* Preview Assets.xcassets in Resources */,
				D018763F291AA5E6002B1C4D /* Assets.xcassets in Resources */,
			);
			runOnlyForDeploymentPostprocessing = 0;
		};
		D0187645291AA5E6002B1C4D /* Resources */ = {
			isa = PBXResourcesBuildPhase;
			buildActionMask = 2147483647;
			files = (
			);
			runOnlyForDeploymentPostprocessing = 0;
		};
		D018764F291AA5E6002B1C4D /* Resources */ = {
			isa = PBXResourcesBuildPhase;
			buildActionMask = 2147483647;
			files = (
			);
			runOnlyForDeploymentPostprocessing = 0;
		};
/* End PBXResourcesBuildPhase section */

/* Begin PBXSourcesBuildPhase section */
		D0187633291AA5E3002B1C4D /* Sources */ = {
			isa = PBXSourcesBuildPhase;
			buildActionMask = 2147483647;
			files = (
				D018763D291AA5E3002B1C4D /* ContentView.swift in Sources */,
				D018763B291AA5E3002B1C4D /* PokemonDBApp.swift in Sources */,
			);
			runOnlyForDeploymentPostprocessing = 0;
		};
		D0187643291AA5E6002B1C4D /* Sources */ = {
			isa = PBXSourcesBuildPhase;
			buildActionMask = 2147483647;
			files = (
				D018764C291AA5E6002B1C4D /* PokemonDBTests.swift in Sources */,
			);
			runOnlyForDeploymentPostprocessing = 0;
		};
		D018764D291AA5E6002B1C4D /* Sources */ = {
			isa = PBXSourcesBuildPhase;
			buildActionMask = 2147483647;
			files = (
				D0187658291AA5E6002B1C4D /* PokemonDBUITestsLaunchTests.swift in Sources */,
				D0187656291AA5E6002B1C4D /* PokemonDBUITests.swift in Sources */,
			);
			runOnlyForDeploymentPostprocessing = 0;
		};
/* End PBXSourcesBuildPhase section */

/* Begin PBXTargetDependency section */
		D0187649291AA5E6002B1C4D /* PBXTargetDependency */ = {
			isa = PBXTargetDependency;
			target = D0187636291AA5E3002B1C4D /* PokemonDB */;
			targetProxy = D0187648291AA5E6002B1C4D /* PBXContainerItemProxy */;
		};
		D0187653291AA5E6002B1C4D /* PBXTargetDependency */ = {
			isa = PBXTargetDependency;
			target = D0187636291AA5E3002B1C4D /* PokemonDB */;
			targetProxy = D0187652291AA5E6002B1C4D /* PBXContainerItemProxy */;
		};
/* End PBXTargetDependency section */

/* Begin XCBuildConfiguration section */
		D0187659291AA5E6002B1C4D /* Debug */ = {
			isa = XCBuildConfiguration;
			buildSettings = {
				ALWAYS_SEARCH_USER_PATHS = NO;
				CLANG_ANALYZER_NONNULL = YES;
				CLANG_ANALYZER_NUMBER_OBJECT_CONVERSION = YES_AGGRESSIVE;
				CLANG_CXX_LANGUAGE_STANDARD = "gnu++17";
				CLANG_ENABLE_MODULES = YES;
				CLANG_ENABLE_OBJC_ARC = YES;
				CLANG_ENABLE_OBJC_WEAK = YES;
				CLANG_WARN_BLOCK_CAPTURE_AUTORELEASING = YES;
				CLANG_WARN_BOOL_CONVERSION = YES;
				CLANG_WARN_COMMA = YES;
				CLANG_WARN_CONSTANT_CONVERSION = YES;
				CLANG_WARN_DEPRECATED_OBJC_IMPLEMENTATIONS = YES;
				CLANG_WARN_DIRECT_OBJC_ISA_USAGE = YES_ERROR;
				CLANG_WARN_DOCUMENTATION_COMMENTS = YES;
				CLANG_WARN_EMPTY_BODY = YES;
				CLANG_WARN_ENUM_CONVERSION = YES;
				CLANG_WARN_INFINITE_RECURSION = YES;
				CLANG_WARN_INT_CONVERSION = YES;
				CLANG_WARN_NON_LITERAL_NULL_CONVERSION = YES;
				CLANG_WARN_OBJC_IMPLICIT_RETAIN_SELF = YES;
				CLANG_WARN_OBJC_LITERAL_CONVERSION = YES;
				CLANG_WARN_OBJC_ROOT_CLASS = YES_ERROR;
				CLANG_WARN_QUOTED_INCLUDE_IN_FRAMEWORK_HEADER = YES;
				CLANG_WARN_RANGE_LOOP_ANALYSIS = YES;
				CLANG_WARN_STRICT_PROTOTYPES = YES;
				CLANG_WARN_SUSPICIOUS_MOVE = YES;
				CLANG_WARN_UNGUARDED_AVAILABILITY = YES_AGGRESSIVE;
				CLANG_WARN_UNREACHABLE_CODE = YES;
				CLANG_WARN__DUPLICATE_METHOD_MATCH = YES;
				COPY_PHASE_STRIP = NO;
				DEBUG_INFORMATION_FORMAT = dwarf;
				ENABLE_STRICT_OBJC_MSGSEND = YES;
				ENABLE_TESTABILITY = YES;
				GCC_C_LANGUAGE_STANDARD = gnu11;
				GCC_DYNAMIC_NO_PIC = NO;
				GCC_NO_COMMON_BLOCKS = YES;
				GCC_OPTIMIZATION_LEVEL = 0;
				GCC_PREPROCESSOR_DEFINITIONS = (
					"DEBUG=1",
					"$(inherited)",
				);
				GCC_WARN_64_TO_32_BIT_CONVERSION = YES;
				GCC_WARN_ABOUT_RETURN_TYPE = YES_ERROR;
				GCC_WARN_UNDECLARED_SELECTOR = YES;
				GCC_WARN_UNINITIALIZED_AUTOS = YES_AGGRESSIVE;
				GCC_WARN_UNUSED_FUNCTION = YES;
				GCC_WARN_UNUSED_VARIABLE = YES;
				IPHONEOS_DEPLOYMENT_TARGET = 15.5;
				MTL_ENABLE_DEBUG_INFO = INCLUDE_SOURCE;
				MTL_FAST_MATH = YES;
				ONLY_ACTIVE_ARCH = YES;
				SDKROOT = iphoneos;
				SWIFT_ACTIVE_COMPILATION_CONDITIONS = DEBUG;
				SWIFT_OPTIMIZATION_LEVEL = "-Onone";
			};
			name = Debug;
		};
		D018765A291AA5E6002B1C4D /* Release */ = {
			isa = XCBuildConfiguration;
			buildSettings = {
				ALWAYS_SEARCH_USER_PATHS = NO;
				CLANG_ANALYZER_NONNULL = YES;
				CLANG_ANALYZER_NUMBER_OBJECT_CONVERSION = YES_AGGRESSIVE;
				CLANG_CXX_LANGUAGE_STANDARD = "gnu++17";
				CLANG_ENABLE_MODULES = YES;
				CLANG_ENABLE_OBJC_ARC = YES;
				CLANG_ENABLE_OBJC_WEAK = YES;
				CLANG_WARN_BLOCK_CAPTURE_AUTORELEASING = YES;
				CLANG_WARN_BOOL_CONVERSION = YES;
				CLANG_WARN_COMMA = YES;
				CLANG_WARN_CONSTANT_CONVERSION = YES;
				CLANG_WARN_DEPRECATED_OBJC_IMPLEMENTATIONS = YES;
				CLANG_WARN_DIRECT_OBJC_ISA_USAGE = YES_ERROR;
				CLANG_WARN_DOCUMENTATION_COMMENTS = YES;
				CLANG_WARN_EMPTY_BODY = YES;
				CLANG_WARN_ENUM_CONVERSION = YES;
				CLANG_WARN_INFINITE_RECURSION = YES;
				CLANG_WARN_INT_CONVERSION = YES;
				CLANG_WARN_NON_LITERAL_NULL_CONVERSION = YES;
				CLANG_WARN_OBJC_IMPLICIT_RETAIN_SELF = YES;
				CLANG_WARN_OBJC_LITERAL_CONVERSION = YES;
				CLANG_WARN_OBJC_ROOT_CLASS = YES_ERROR;
				CLANG_WARN_QUOTED_INCLUDE_IN_FRAMEWORK_HEADER = YES;
				CLANG_WARN_RANGE_LOOP_ANALYSIS = YES;
				CLANG_WARN_STRICT_PROTOTYPES = YES;
				CLANG_WARN_SUSPICIOUS_MOVE = YES;
				CLANG_WARN_UNGUARDED_AVAILABILITY = YES_AGGRESSIVE;
				CLANG_WARN_UNREACHABLE_CODE = YES;
				CLANG_WARN__DUPLICATE_METHOD_MATCH = YES;
				COPY_PHASE_STRIP = NO;
				DEBUG_INFORMATION_FORMAT = "dwarf-with-dsym";
				ENABLE_NS_ASSERTIONS = NO;
				ENABLE_STRICT_OBJC_MSGSEND = YES;
				GCC_C_LANGUAGE_STANDARD = gnu11;
				GCC_NO_COMMON_BLOCKS = YES;
				GCC_WARN_64_TO_32_BIT_CONVERSION = YES;
				GCC_WARN_ABOUT_RETURN_TYPE = YES_ERROR;
				GCC_WARN_UNDECLARED_SELECTOR = YES;
				GCC_WARN_UNINITIALIZED_AUTOS = YES_AGGRESSIVE;
				GCC_WARN_UNUSED_FUNCTION = YES;
				GCC_WARN_UNUSED_VARIABLE = YES;
				IPHONEOS_DEPLOYMENT_TARGET = 15.5;
				MTL_ENABLE_DEBUG_INFO = NO;
				MTL_FAST_MATH = YES;
				SDKROOT = iphoneos;
				SWIFT_COMPILATION_MODE = wholemodule;
				SWIFT_OPTIMIZATION_LEVEL = "-O";
				VALIDATE_PRODUCT = YES;
			};
			name = Release;
		};
		D018765C291AA5E6002B1C4D /* Debug */ = {
			isa = XCBuildConfiguration;
			buildSettings = {
				ASSETCATALOG_COMPILER_APPICON_NAME = AppIcon;
				ASSETCATALOG_COMPILER_GLOBAL_ACCENT_COLOR_NAME = AccentColor;
				CODE_SIGN_STYLE = Automatic;
				CURRENT_PROJECT_VERSION = 1;
				DEVELOPMENT_ASSET_PATHS = "\"PokemonDB/Preview Content\"";
				DEVELOPMENT_TEAM = 8WRH7Q8Z8B;
				ENABLE_PREVIEWS = YES;
				GENERATE_INFOPLIST_FILE = YES;
				INFOPLIST_KEY_UIApplicationSceneManifest_Generation = YES;
				INFOPLIST_KEY_UIApplicationSupportsIndirectInputEvents = YES;
				INFOPLIST_KEY_UILaunchScreen_Generation = YES;
				INFOPLIST_KEY_UISupportedInterfaceOrientations_iPad = "UIInterfaceOrientationPortrait UIInterfaceOrientationPortraitUpsideDown UIInterfaceOrientationLandscapeLeft UIInterfaceOrientationLandscapeRight";
				INFOPLIST_KEY_UISupportedInterfaceOrientations_iPhone = "UIInterfaceOrientationPortrait UIInterfaceOrientationLandscapeLeft UIInterfaceOrientationLandscapeRight";
				LD_RUNPATH_SEARCH_PATHS = (
					"$(inherited)",
					"@executable_path/Frameworks",
				);
				MARKETING_VERSION = 1.0;
				PRODUCT_BUNDLE_IDENTIFIER = com.kyptonaut.PokemonDB;
				PRODUCT_NAME = "$(TARGET_NAME)";
				SWIFT_EMIT_LOC_STRINGS = YES;
				SWIFT_VERSION = 5.0;
				TARGETED_DEVICE_FAMILY = "1,2";
			};
			name = Debug;
		};
		D018765D291AA5E6002B1C4D /* Release */ = {
			isa = XCBuildConfiguration;
			buildSettings = {
				ASSETCATALOG_COMPILER_APPICON_NAME = AppIcon;
				ASSETCATALOG_COMPILER_GLOBAL_ACCENT_COLOR_NAME = AccentColor;
				CODE_SIGN_STYLE = Automatic;
				CURRENT_PROJECT_VERSION = 1;
				DEVELOPMENT_ASSET_PATHS = "\"PokemonDB/Preview Content\"";
				DEVELOPMENT_TEAM = 8WRH7Q8Z8B;
				ENABLE_PREVIEWS = YES;
				GENERATE_INFOPLIST_FILE = YES;
				INFOPLIST_KEY_UIApplicationSceneManifest_Generation = YES;
				INFOPLIST_KEY_UIApplicationSupportsIndirectInputEvents = YES;
				INFOPLIST_KEY_UILaunchScreen_Generation = YES;
				INFOPLIST_KEY_UISupportedInterfaceOrientations_iPad = "UIInterfaceOrientationPortrait UIInterfaceOrientationPortraitUpsideDown UIInterfaceOrientationLandscapeLeft UIInterfaceOrientationLandscapeRight";
				INFOPLIST_KEY_UISupportedInterfaceOrientations_iPhone = "UIInterfaceOrientationPortrait UIInterfaceOrientationLandscapeLeft UIInterfaceOrientationLandscapeRight";
				LD_RUNPATH_SEARCH_PATHS = (
					"$(inherited)",
					"@executable_path/Frameworks",
				);
				MARKETING_VERSION = 1.0;
				PRODUCT_BUNDLE_IDENTIFIER = com.kyptonaut.PokemonDB;
				PRODUCT_NAME = "$(TARGET_NAME)";
				SWIFT_EMIT_LOC_STRINGS = YES;
				SWIFT_VERSION = 5.0;
				TARGETED_DEVICE_FAMILY = "1,2";
			};
			name = Release;
		};
		D018765F291AA5E6002B1C4D /* Debug */ = {
			isa = XCBuildConfiguration;
			buildSettings = {
				ALWAYS_EMBED_SWIFT_STANDARD_LIBRARIES = YES;
				BUNDLE_LOADER = "$(TEST_HOST)";
				CODE_SIGN_STYLE = Automatic;
				CURRENT_PROJECT_VERSION = 1;
				DEVELOPMENT_TEAM = 8WRH7Q8Z8B;
				GENERATE_INFOPLIST_FILE = YES;
				IPHONEOS_DEPLOYMENT_TARGET = 15.5;
				MARKETING_VERSION = 1.0;
				PRODUCT_BUNDLE_IDENTIFIER = com.kyptonaut.PokemonDBTests;
				PRODUCT_NAME = "$(TARGET_NAME)";
				SWIFT_EMIT_LOC_STRINGS = NO;
				SWIFT_VERSION = 5.0;
				TARGETED_DEVICE_FAMILY = "1,2";
				TEST_HOST = "$(BUILT_PRODUCTS_DIR)/PokemonDB.app/PokemonDB";
			};
			name = Debug;
		};
		D0187660291AA5E6002B1C4D /* Release */ = {
			isa = XCBuildConfiguration;
			buildSettings = {
				ALWAYS_EMBED_SWIFT_STANDARD_LIBRARIES = YES;
				BUNDLE_LOADER = "$(TEST_HOST)";
				CODE_SIGN_STYLE = Automatic;
				CURRENT_PROJECT_VERSION = 1;
				DEVELOPMENT_TEAM = 8WRH7Q8Z8B;
				GENERATE_INFOPLIST_FILE = YES;
				IPHONEOS_DEPLOYMENT_TARGET = 15.5;
				MARKETING_VERSION = 1.0;
				PRODUCT_BUNDLE_IDENTIFIER = com.kyptonaut.PokemonDBTests;
				PRODUCT_NAME = "$(TARGET_NAME)";
				SWIFT_EMIT_LOC_STRINGS = NO;
				SWIFT_VERSION = 5.0;
				TARGETED_DEVICE_FAMILY = "1,2";
				TEST_HOST = "$(BUILT_PRODUCTS_DIR)/PokemonDB.app/PokemonDB";
			};
			name = Release;
		};
		D0187662291AA5E6002B1C4D /* Debug */ = {
			isa = XCBuildConfiguration;
			buildSettings = {
				ALWAYS_EMBED_SWIFT_STANDARD_LIBRARIES = YES;
				CODE_SIGN_STYLE = Automatic;
				CURRENT_PROJECT_VERSION = 1;
				DEVELOPMENT_TEAM = 8WRH7Q8Z8B;
				GENERATE_INFOPLIST_FILE = YES;
				MARKETING_VERSION = 1.0;
				PRODUCT_BUNDLE_IDENTIFIER = com.kyptonaut.PokemonDBUITests;
				PRODUCT_NAME = "$(TARGET_NAME)";
				SWIFT_EMIT_LOC_STRINGS = NO;
				SWIFT_VERSION = 5.0;
				TARGETED_DEVICE_FAMILY = "1,2";
				TEST_TARGET_NAME = PokemonDB;
			};
			name = Debug;
		};
		D0187663291AA5E6002B1C4D /* Release */ = {
			isa = XCBuildConfiguration;
			buildSettings = {
				ALWAYS_EMBED_SWIFT_STANDARD_LIBRARIES = YES;
				CODE_SIGN_STYLE = Automatic;
				CURRENT_PROJECT_VERSION = 1;
				DEVELOPMENT_TEAM = 8WRH7Q8Z8B;
				GENERATE_INFOPLIST_FILE = YES;
				MARKETING_VERSION = 1.0;
				PRODUCT_BUNDLE_IDENTIFIER = com.kyptonaut.PokemonDBUITests;
				PRODUCT_NAME = "$(TARGET_NAME)";
				SWIFT_EMIT_LOC_STRINGS = NO;
				SWIFT_VERSION = 5.0;
				TARGETED_DEVICE_FAMILY = "1,2";
				TEST_TARGET_NAME = PokemonDB;
			};
			name = Release;
		};
/* End XCBuildConfiguration section */

/* Begin XCConfigurationList section */
		D0187632291AA5E3002B1C4D /* Build configuration list for PBXProject "PokemonDB" */ = {
			isa = XCConfigurationList;
			buildConfigurations = (
				D0187659291AA5E6002B1C4D /* Debug */,
				D018765A291AA5E6002B1C4D /* Release */,
			);
			defaultConfigurationIsVisible = 0;
			defaultConfigurationName = Release;
		};
		D018765B291AA5E6002B1C4D /* Build configuration list for PBXNativeTarget "PokemonDB" */ = {
			isa = XCConfigurationList;
			buildConfigurations = (
				D018765C291AA5E6002B1C4D /* Debug */,
				D018765D291AA5E6002B1C4D /* Release */,
			);
			defaultConfigurationIsVisible = 0;
			defaultConfigurationName = Release;
		};
		D018765E291AA5E6002B1C4D /* Build configuration list for PBXNativeTarget "PokemonDBTests" */ = {
			isa = XCConfigurationList;
			buildConfigurations = (
				D018765F291AA5E6002B1C4D /* Debug */,
				D0187660291AA5E6002B1C4D /* Release */,
			);
			defaultConfigurationIsVisible = 0;
			defaultConfigurationName = Release;
		};
		D0187661291AA5E6002B1C4D /* Build configuration list for PBXNativeTarget "PokemonDBUITests" */ = {
			isa = XCConfigurationList;
			buildConfigurations = (
				D0187662291AA5E6002B1C4D /* Debug */,
				D0187663291AA5E6002B1C4D /* Release */,
			);
			defaultConfigurationIsVisible = 0;
			defaultConfigurationName = Release;
		};
/* End XCConfigurationList section */
	};
	rootObject = D018762F291AA5E3002B1C4D /* Project object */;
}
